Lr! D�CDD�R3�91!4�!!H,@�D@�-���yhrG���j��m�ޗ�e����k�>��iz������*'�M+z�%��a��l��ނ+-�,��zd��&������z_���"��a��,��������m�~�[�����0��^����m4��}�_{w6�V��N�k��k������6q�Z{����i����ޱ�~�֠{�5�KޮȨ�]t��(�����i���z����j��(���k��m�~���z߬��������z_�����-j���u��3i�m�<խi��w~_�f�k��wW�����u�^�קr'�m�ޗ�e����^rO��m5��(��Z��:�F�m�~�[����{Z��kj)b���w-���r��jζ�F�m�~�[������~����2�ϭ����ڶ��׭i����n�)������+���My�׬��������F�m�~�[������~����6�^~~�ܶ*'�v�{�tm�ޗ�e����ڞ��o��m5��v�^��(�j'�ε�F�m�~�[������~����6�^~��ڙ�^�ζ�F�m�~�[������~����6�^~���i޼Ѷ�z_���"��kj{���zʹן��'$��ށ�z�F�m�~�[������~����6�^~�x��׾��ǭuѶ�z_���"��kj{���{h��퉫b����ڶ���JZrF�{�Z�vѫ����z_�����kj{�����-���z������*'�M+z�%��a��l��ނ+-�,��zd��&������z_�����kj{�����-���z�����z_�����kj{�����-���zϷ�K`��^w]}���w�V��ݸѦ���uk��ӯ_�שzw^�Ȟ������z_���"��a��,������F�m�~�[�����0z��٫��
�W�j�&�Ͷ����*'�m+z�%��a��l��ނ+-�,��zd��&����
�W�j�&����
�W�j�&�϶�K`�޶�N:~=��_����]����Oz���ݸ�שzw^�Ȟ�
�q�����]u�k����j�t׋%�׵ח(��+u��{��i�u�KޮȨ�]4��(�����i���z����j��(��(��+u��{��i����i�~�M-�7�wwM�{�vշ��εwN[s~u馜ۗ�߇^���zw"zƫ�'��Mmʗ��zz���*'���z�%��a��l��ނ+-�,��zd��&�ܩz��׿���u��`��5�|뇞�����9߿7{���v�sΛ��6x��5'�y�t�[ޮȨ�M���(�����i���z����j��(��R8Ԟ��-���H�RzW���6��3�^x�ƹۧw������o�^}���~���^sm7i���N/z�"�}tⷬ�[�vm�����"���ɪ�H�o�m�����i��Ӌ`ϗ�i�\��;�w���G����ۖ�ٮ�q�xy�ۭ����슉��Z޲�oy�m��?�����k�&��� r��i��z����ۭ���]m�7�g<��F���߇�Ӗ����y���֚sƜ���w)ښ'>�jh�ݴ����*'�M�z�%��a��l��ނ+-�,��zd��&��(���v��Ϣ��+���i�+��r���s覦���m6��wmtm����tվ����}�8���^|q�z��u�܉�r���M�r���	hm�l�]/z�"�~5ҷ��[�vm�����"���ɪ�H�o�r���	hm�l���r���	hm�l��t��o�z�n]m�{s�������yǶog}����z��u�܉�r���Mr���;1�M/z�"�}�ַ��[�vm�����"���ɪ�H�o�r���;1���r���;1�}5��}����oW�y�<ߏ�����:���k�ߦ�z��u�܉�r���Nr���N/z�"�}�ҷ��[�vm�����"���ɪ�H�o�r�����r���}������}��{�Z���m�����߯^ٶ�m�׶�r���M�z�"�~4�z޲�oy�m��?�����k�&��� r��i�+���i�+��4�{`�]9��Z{���޽��u��<۝}��Zw���~���(�~tѧ(�~wѧ(�~x����*'�kz�%��a��l��ނ+-�,��zd��&��(����(���[`��\��}w^����u�g^wͺk���u۝t٧[�+~��j�u����*'�]+z�%��a��l��ނ+-�,��zd��&��[�+~��j����[�+~��jߵ�K`�M]��[�ǟ�Owk}q���N�}���^t�޶}�[�+~���{-t����*'�Mkz�%��a��l��ނ+-�,��zd��&��[�+~���{/���[�+~���{/��[`���շ��V�y�9붺��;i��}�^w}x�F��שzw^�Ȟ��2��6��[�+v�]/z�"�}��J޲�oy�m��?�����k�&��� r��i������[�+~�]t��k�Z�W�ۿt��{���\�n����{�6��z��u�܉�u�"��h�ƭ�]u�"�騞G��M[�益�v�n�i��׫�}y��ۭ�׾~��{N���b�M�i�h�ϥ�{^�M�����*'�~t��(�����i���z����j��(���v���X�������v���X�����~t�����qǹ��7}���ǝ���m���4���~�z��u�܉���y٨��g���j�!�Mi�������^�����Z�M���^z���M>�͜�[��'�מ�i���Z��{����������gb�������]�v�-��w��:���+".t��%�{xם�X���e���z>�{}w��٥�Mzz�k�f��w������^�߰y�ZrO���"�}6~*��!�y>���jm���nz{t�X%����7��]i�z8�M�h�}8�,��,�Mx��{�j��,��m+zV�yߣ����[����,��e��<��.�Ǿ��~��i��t�[-�*~n�����jm���,���{]4����]6���i�7�M0��p�뫗���i]�m5ۼ��5�M�j����Zvo���8����*'ӎ�z�%��a��l��ނ+-�,��zd��&��f�8����vo�����`�δ�͜m�\�n�{�<y�4׾8�����y��ը��G�ݳ]4��슉��Z޲�oy�m��?�����k�&��� r��j;��찢�l��ڎ��{,(��>םm�=���tk��߯i��}�\燝{�{տ<�֟�ƣ���
+vʹѨ��G�ݳmt��슉��Z޲�oy�m��?�����k�&��� r��j;��찢�l��ڎ��{,(��>�]m�>���{}�_�N{��xs���4w�}{]�o�;�f����
+v������*'�]+z�%��a��l��ނ+-�,��zd��&����G�ݳ��j;��찢�l�}t��sf����s�7{�]��:{���6���i�xݷ����z����r�����*'�M+z�%��a��l��ނ+-�,��zd��&����g���j�!��ڎ��z����r��K`Ͼ�ӽ^��_�__{�������vѭZw͸of��שzw^�Ȟ�������j�!�M#������{�Z��t�v���vj;��F���tj;�ז����j;��KޮȨ��v��(�����i���z����j��(������j;�睭�>�o��q��i�������x�f��V��m���=�^���zw"z�(�j�~u���j]t����������{�-�)�����H��r�k�kj����7Ѩ����=����*'�]|��(�����i���z����j��(������j;��]|������f���٧�ݷ\�F�ןx�:�\�~�z��u�܉������'��ZnW������]5j;��KޮȨ��u��(�����i���z����j��(������j;��]m�?{��}���پ���Z���u���ֺ�g�i����^���zw"z�ڲߝy�~z���]4}�-�;(��-i�^��k�x"-��;(������ڽ��{M�jX���^��5թb��{t�{ޮȨ�Mx��(�����i���z����j��(����	���m��ږ('�ױ��5��3��}Ѯz�Ow~]ѯ}۞��f�ӯx�w�w]{u�^�קr'��)�����ih���]5��^j߬����^vjw!���j��	���z�9����*'Ӟ�z�%��a��l��ނ+-�,��zd��&��܆�����v�'��u�����r+�f���0��^i׫�N{���:���{����n�綴�n�kG�y��ծ�z��u�܉�������{�ѩ�楊	��KޮȨ�m4��(�����i���z����j��(����/��('��ڞȾjX������3s~�y�k��o�\y�y����G�oW}{~x���u�^�קr'�������a�M�Ⱦz���5�KޮȨ�^4��(�����i���z����j��(����/��Ʃz������q�^��x��3wv�k���_Zk���~�ٽw{��s�u׍��N�j{"��j���M/z�"�}�ҷ��[�vm�����"���ɪ�H�oڞȾz���?����/��Ʃz϶�K`ϖ�{��{���w����=�G�}ͽ�g���5m���q�^�}4��슉��J޲�oy�m��?�����k�&��� r��j{"��j����ڞȾz���>�M-�7�����_�N�}�6sv����W6��kǟ�f��/�z��M/z�"�}�ַ��[�vm�����"���ɪ�H�oڞȾ�����j{"���{��[`����v����G|���oӎ�i��n��}���ށ�w�KޮȨ�}4��(�����i���z����j��(����/�z���ڞȾ�������3y�7׷7�m:���㮜�oz�]o�9i��w�|j{"��r��6�[ޮȨ�m���(�����i���z����j��(����/��)^���j{"��r��>�mm�6��g]�~|o��q��{W��7�͸ӝ�sW]m槲/��)^�}tj{"��r��7�KޮȨ�}���(�����i���z����j��(����/��)^���j{"��r��>�m-�75���w����^実ߎ�i�x^�{M�׭[��^���zw"z�(���r��z�u�F��/��)^�]4��슉��J޲�oy�m��?�����k�&��� r��j{"��r��?����/��)^��t��3q�t���s���]�y��o��w���M�kM��^�j|���&�ǵ�F���k�h�{]tj|���&�ǵ�F���k�h�{]���슉��J޲�oy�m��?�����k�&��� r��j|���&�ǿ�����k�h�{�w��3i�:i��uǚ�g���sM�駝�Ƿ���w^�j|�j�!�}/z�"�}wڷ��[�vm�����"���ɪ�H�oڟ)�������f�r��k`Ϟwu���^��<��9u�[k~��տto�{iשzw^�Ȟ�h������vי�f��7���a�M��k]7j��m�u����*'�m+z�%��a��l��ނ+-�,��zd��&��k����������]����M��n�y�u���ѭ[��u��ۭ�m�������b����إ�]���슉��J޲�oy�m��?�����k�&��� r��j�!�����b�����܆+ޯ뭊[>�}-�7�Ѿ��;ѷ�w�4{}�V�����]��u�^���zw"z�%����
�q�����]%k<�����]4��Z�<�z+��b��j�v�J�i֛�זּ���m4j�!����]/z�"�}�ַ��[�vm�����"���ɪ�H�oڭ�b������r�z���[`����f�k�6�^=��{�8wv�����޹�כqשzw^�Ȟ��܆+ޯ뭊[5�F��w6�F�}������m6�	ho�4��Z�<ҷ�u��{�-���M-j������^t�*~���jmvѪ�����{잷]v��슉�׊޲�oy�m��?�����k�&��� r��j���﭅���'���ڭ�{�az����~�^-�6����͛o�ӗ��_x߽�ק�ݶ�q�u��^���zw"z�^����5�J�i֛�זּ���m:j�)j��N�z�"�}t�J޲�oy�m��?�����k�&��� r��j�)j���ڮ
Z�Ǿ�Mt��q޻�W�姴���{^��}��w��xѽ��]]z��u�܉�,�������]6j��v'��M/z�"�}�ҷ��[�vm�����"���ɪ�H�oڮ����������b}���K`���oͻ�yk���z���k���7q�ߞ�}שzw^�Ȟ�����Z�ק�MZ�����nu�t����*'�M+z�%��a��l��ނ+-�,��zd��&�����\��^��ڮ����nu��K`����͞睚۽;�wu�8q����<q���ηժ���Z�ק�Moz�"�}uҷ��[�vm�����"���ɪ�H�oڮ����mz������Z�ק�]t���N<m�����㷵߮��}zs�z�ך姽��Z����؟}���KޮȨ�]4��(�����i���z����j��(������v'�z�����k/���ޯ�t��3y������͸���m�4ٿoǹ��پ]�M�j���窹�u�KޮȨ�]4��(�����i���z����j��(������z�����j���窹�~�M-�?ٮ^n;��}y��ٽ8s���=ݶ����v����~)mz�4����*'�Mkz�%��a��l��ނ+-�,��zd��&���k/��[^���j�����׫�M5��u�g�뭼y����7��_wm_�qݞy�������w�u�u�[ޮȨ�]6��(�����i���z����j��(������~)��)�{����k/��w~�w^��t��3u�5Ѧ����׮mֺ��ݽ���y�5�j�����m�����*'�]kz�%��a��l��ނ+-�,��zd��&���k/����������~�&�mu��}�]�ͺ�o��9i��f��|W��g5��Z����f��M/z�"�}4ҷ��[�vm�����"���ɪ�H�oڮ���f���ڮ���f��M4���i��wW����[�_�M�����뭚�������Ǵ�KޮȨ�M4��(�����i���z����j��(��������nq�����k/�yۜ{�4��3׽���w}�us�}������n]m���ƛ���j���맊���[ޮȨ�]6��(�����i���z����j��(�������x����j���맊���M��?Zߎ5�����km�y��巹m��n;�ǜ��^���zw"zƫ����x��MZ������]5j���맊�t����*'�M�z�%��a��l��ނ+-�,��zd��&���k/��*��������x��]7������ۗ���{N|��;�9���onu����������[ޮȨ�M���(�����i���z����j��(�������x�������k/��*�{�6��3kW}��}��ۭ�q��}�\y��k����ծwj��ʚ趋r���ݴ����*'�N+z�%��a��l��ނ+-�,��zd��&���k*k��-ʗ��w��������h�*^~)��m8��禹s����<�7�w]i��u�]׆��θs�z��u�܉�y��{�k����'��]��曲��r�{Ѫ����F��'��Moz�"�}tַ��[�vm�����"���ɪ�H�oڮ�����j��/��[`��|�Okm�������ӎ��z�\ם5k��u�'�;8�KޮȨ��tַ��[�vm�����"���ɪ�H�oڲ}c���j���ϸ�Mm�6�sf���9W�ᦝy�zu��ٷ�}�Z�w�kG^���zw"z���4�)�z���m5�)♩b�؜��,z�u�F��]6����*'�m�z�%��a��l��ނ+-�,��zd��&��'���j���M���i�;����}�8��<��;﷛{�5u��oΚ�ǫ��e��tѫ,z�~�[��M/z�"�}tҷ��[�vm�����"���ɪ�H�oڲǫ��e�����,z�~�[��]4���g�w9w��ѽ\u�u�x����5{�]�nZ�ǫ��e��6����*'�m+z�%��a��l��ނ+-�,��zd��&��,z�~�[���ڲǫ��e�ϴ�K`���{V����}�4u�i���m_����]5i���,z�u�[ޮȨ�^5��(�����i���z����j��(��������ڲǫ��x��3��u��}���o�����4N�y�4��:��uu�^�קr'��إ�]7j̧s�rt����*'�Mkz�%��a��l��ނ+-�,��zd��&��2�Ϟi�����w>y�!�]5������]��\�����9w<i�[q�zw}��gZ�)��X��׫�M/z�"�}tҷ��[�vm�����"���ɪ�H�oڳ)��X��׫��ڳ)��X��׫�]4�����w�7wN�i�5m���|���{��������)�ם�z�"�}yڷ��[�vm�����"���ɪ�H�oڳ)���ڳ)��^v��s��է��4sG7q����y�_�O=��z�f��)��M�)��]��)�ۍoz�"�}�ҷ��[�vm�����"���ɪ�H�oڳ)���ڳ)��n���խ�i��}�4ۧ�k���us���v���y��z��u�܉�%�֬��xѫ2��6����*'�mt��(�����i���z����j��(����w?����w>�mt����ѽ:��w�}�Ok{�6߷�n���Z�)�۝/z�"�}�ҷ��[�vm�����"���ɪ�H�oڳ)���ڳ)��nt���}}��zo������\���u�]��<㭛�]z��u�܉�%�֬��xѫ2��"�N4��슉��J޲�oy�m��?�����k�&��� r��j̧rH���ڳ)ܒ+~Ӎ-�7;��}���߇���kV���tm�7�;��֮����wu�KޮȨ�]t��(�����i���z����j��(�������w�������w~�]-�?woθu��{MZ�n��^���\�Ѯ���}�V�k觊�6����*'�m+z�%��a��l��ނ+-�,��zd��&����)���j���x��M����N�ߞ�맷u�Z{W�}�;o]}��\�]z��u�܉������nu�t��^q�9���&��]4���� ��v�L+�׾�H6�F�kM�����*'�m���(�����i���z����j��(���k��j���m���so��^�������5�V��ƻq�<��ӏ]z��u�܉����i����ޱ�~�֠{�5�F�k��m�~���z߭���~���׬����7�F�k�+�׾~)^��h�'6�G(��+u��{��i�u�F��/��Ʃzʹѩ��-�W��]�����mz}tժ�k/��*'�MZ������]6j��-tѫ�����uѫ��)�M�m�ޗ�(���F������Ɯ�)���ڞ��mt��Z�M���h�'Z�^6rW���-i�5�W%y��ɩ����y�t�G%��.��+�]�/��)�z�5�G%��k�w��t��>�+a���+��׾{��v�G(�j'�����ky���M�w(�֧q����'�����.�Ǿ��u�G(�ǫ�M�r��z{e�맅�ݕ�t�W^n�6�Gh��k��5�驣���+{N�z����^�a�M��zʹ���w�r�v*��G��v�{m4��~����M ���˭4��>~V��M!�YZm�h��(����f�j��]"�z+{���ןj�m�M"��+��hq�t�X�u����k�x7�H��ȵӸ���z������]4�Ϩn=t�+>�������6�+>��&�Ƕ�H��&��6��-�X�{�-���M%�֬��h��^z�"�9�Zj�]y�.�Ǹ�yhu�!v'�z��q�7�Zj�_��mz~6�Z.w�ލ�-����I���t�f�r��M&w��{��g��~��ʹ�k��)���v�J���i�^��>��&�Ǵ�J)�*'��Z�}tҖ������m4�H>r���M)����Jkz�r�k6�Jު�{�ky�&�)^wMt��(���sv�K}�ޯ�u�V��]4���q�j����h��8��ZrO��)l�M,�����싍4�������]4��i��l��%��4�ئ{�ު�{Mv�������w��)޳]5�x���zj~v*��K�u�^�z-����mtk>�('�N���슉��J޲�oy�m��?�����k�&��� r��k>�('���k>�('��:��3׍���w���s���[�{�w�~�����k>�('�N���슉��J޲�oy�m��?�����k�&��� r��k>�('���k>�('��;��3o����=߆���_�ݟ��:w��k��ow�寮k8�mZ��5�KޮȨ�^���(�����i���z����j��(��������,��z��3�w��Ƽ�F�o}��y�^{�;�V�u�{�^k��My����*'�^w��(�����i���z����j��(�����?�����>�^w��s�z���{_ukOkWzq�|��w���\ӝ�z��u�܉��Yh���v*�r�5�F�m�~r�^��ڙ��F�m�~r�^��ڙ��F�m�~r�^��ڙ��KޮȨ���ҷ��[�vm�����"���ɪ�H�o�i����{��jg����m�~r�^��ڙ�ۭ-�>�}�7�\���o�ߟx���}�������;�^���zw"z�!jY5�w��إ�m6�ϭ�G��}6m�ޗ�(���F�m�~r���n5��슉�ۍkz�%��a��l��ނ+-�,��zd��&���z_�������m�~r�������3��6�uǵ{W����߷�߇�sv��f�i�7u�^�קr'�m�ޗ�(u���m�m�ޗ���ڶ��ۍ[i��������n5m�ޗ鞲Ơzζ�F�m�~��"�׫�n5m�ޗ��ئ{��Ѷ�z_�zjej׺ۍ[i����ڽ��{��ն�z_�ʗ��n5m����]�{ޮ߬���{隧]tu��mu��'�Nt��Z�6�h��f�r�ږ������[�{]4���j״׫%j�u�K(���f�ӝi����+{������*'�n���(�����i���z����j��(���m�~r�����i����+{��K`ͧ����o}Z��]}s����|w����7kF��שzw^�Ȟ���z_��׾~��{��Ѷ�z_�zw�j�+�n�m�ޗ�^������ն�z_�z���:�}i�������^���Ѷ�z_��{b���F�m�~�驕�^�n�m�ޗ�kj�����F�m�~�*^���Ѷ��Z'�_4r��z�~���q�j�y�כ���;(��9�Zj�x׾&�x�j�!�N)j�~�Ϛn�%�׵�Zk���{M{�V��]4���q�j�9鶛z_�zw�j�+�]i����z������[ޮȨ���ַ��[�vm�����"���ɪ�H�o�i����z��������z_�zw�j�+�����3{�y�:s�yݹ�]��=�y٦���]��{u�^�קr'�m�ޗ鞲Ơzζ�F�m�~���g��mi���ܩzζ�W^��-�)�z{x�H�z�5�Ihu�!�m,���{隧Nt��������tն�z_�zw�j�+�n���슉�ۭ+z�%��a��l��ނ+-�,��zd��&���z_�zw�j�+���i����z�����ۭ-�6�է��N�o�_���kWwۯz�}9߾�ms�^���zw"z��m�~��,j��m�m�ޗ��ئ{��Ѷ�z_�ʗ��n�u�^rߢ�ק��4�Ǭs]���Z�5�(���f�Ӟ��)��(!�]5m�ޗ�^�������׫���j��j�"�y��ߨ��ڶ���+"���ۍoz�"�~��Z޲�oy�m��?�����k�&��� r��m�ޗ�^�������׫���j��j�"�y��ߨ��ڶ���+"������m�~��iz���)]z���v��欲('�����^��h���+h���[`���{iַ���mq��kM�ٽ���Z箺�שzw^�Ȟ���z_�zZ^�籦Z{欲('i�^��i��,���ۍ[i������)��m�m�ޗ�r��:ۍ[i�������q�e�ץz�{������*'�n5��(�����i���z����j��(���m�~��iz��jY~u�^��^���i�������q�e�ץz�{��[`��馜u�;��5s~:��<m�9���֚���uשzw^�Ȟ���z_�zZ^��h��~���i�^���ն�z_��{b���F�m�~���z��n5m�ޗ�r��:ۍ[i�������u���j���[ޮȨ���ҷ��[�vm�����"���ɪ�H�o�i�������u���j�����z_�zZ^��^~)��f������3k���֛�V���{y����;y��k�5��ym�_u�^�קr'�m�ޗ�^������rب��ڙ��V�m�~���g�ۭi���ܩzζ�Ihu�!�^�m�ޗ�^�����i��^��,�	�nW�{kz�"�~��[ޮȨ���ַ��[�vm�����"���ɪ�H�o�i�������{e�׾j�"�v���ƚ޲Ȩ���m�ޗ�^�����i��^��,�	�nW�{kz�"��ۍm�7��6q��s]8�w9����ݝ�:�Msm�i�^���zw"z��m�~���g��mi����ڽ��{��ն�z_�ʗ��n5m�ޗ�^������rب��ڙ��[ޮȨ���ַ��[�vm�����"���ɪ�H�o�i�������~�ܶ*'�v�{��m�ޗ�^������rب��ڙ�ۍm�7w�[��7y�|ۍ�ۖ��~ui�|��]ߟ4k�^���zw"z��m�~��iz��zߟ�w-���j��˭�ն�z_��{b���F�m�~�驕�^�n5m�ޗ�kj�����V�m�~�*^���ն�z_�zZ^������b���+r�n5��슉�ۍkz�%��a��l��ނ+-�,��zd��&���z_�zZ^������b���+r���i���������~~�ܶ*'���/�ۍm�?�6i�w�N��Wwi�t�O����V�o�9��^���zw"z��m�~���g��mi���ܩzζ�V�m�~��iz���+-������zζ�[ޮȨ���ַ��[�vm�����"���ɪ�H�o�i������������ڮ&���?���m�~��iz���+-������zϺۍm�=^q����\�ݹ�]�i����xk���<m���^���zw"z��m�~���g��mi���ܩzζ�V�m�~��iz���ئ�Ǿq�e��i��,���ۍoz�"�~��Z޲�oy�m��?�����k�&��� r��m�ޗ�^�����m�h�{��_�ƚ޲Ȩ���m�ޗ�^�����m�h�{��_�ƚ޲Ȩ���[`����~6�������k�ws���<��v㍹�שzw^�Ȟ���z_��{b���F�m�~�*^���ն�z_�zZ^��ށ�zۍoz�"�~��J޲�oy�m��?�����k�&��� r��m�ޗ�^������{����z_�zZ^��ށ�~�n���ۗ9��t��6n��q��~����y{��z��u�܉�i������)��n�m�ޗ�r��:ۭ%�֬��{ᶛz_�zZ^��ޙ�~j̧s�h��z������[ޮȨ���ַ��[�vm�����"���ɪ�H�o�i��������隧��w>���zw�j�+���i��������隧��w>���zw�j�+�����3��9�_6��{�w�q�w�W�sݼ��:笠�[u�^�קr'�m�ޗ�^������rب��ڙ��V�m�~���g��mi���צ�V�{��ն�z_���ޮǺۍ[i���ܩzζ�V�m�~��iz��z�Zqךּ���������*'�n5��(�����i���z����j��(���m�~��iz��z�Zqךּ�����m�ޗ�^���������˩z�>�n5���[}�7�׽�����Ƽk����k�oV�z��u�܉�i���������b�+�ƥ�籦���*'�n5m�ޗ鞲Ơzζ�F�m�~���g��mi���צ�V�{��ն�z_���ޮǺۍ[i���ܩzζ�V�m�~��iz�:ۍoz�"�~��Z޲�oy�m��?�����k�&��� r��m�ޗ�^������m�ޗ�^������[`�~;�׽q������9��}��|kn�u���M��שzw^�Ȟ���z_��{b���F�m�~�驕�^�n5m�ޗ�hi׫�]�z�"�~�ڷ��[�vm�����"���ɪ�H�o�i���Zu�����m�~���z���k`���m�v۽tV�٧�w�5s�yo�7��ۍv�שzw^�Ȟ���w�r�v*��Ihi׫��b��t�i��t�V�m�~��,j��m���슉��}+z�%��a��l��ނ+-�,��zd��&���z_�z���?���m�~��,j������3w����|�~[٭��W:y�^u���g��}u�^�קr'�m�ޗ��ئ{��Ѷ�z_���"��!y�>zʹן��{-j{l�m�m�ޗ�e����^rO��m5��(��Z��:�KޮȨ���ҷ��[�vm�����"���ɪ�H�o�i����n�)�r����My��'�֧������z_���"��!y�>zʹן��{-j{l�����3ߝy��t׍�}ݟ}��kw������u�~[m�u�^�קr'�m�ޗ��ئ{��Ѷ�z_���"�符��m���슉��j޲�oy�m��?�����k�&��� r��m�ޗ�e����)�����i����n�)�z�h����}��>yצ�}�[ۧ=G�w�zӾ=��s�^�]���^���zw"z��m�~��ޭ�h��tm����G�_�j�!z�t��+{���M��0z���ƭ���u�^r�+�M�������G����z��][i����n�)��)�k��)����rب�μ����*'�]���(�����i���z����j��(���m�~�[����{Z���w>~�ܶ*'���m�ޗ�e���̧��~j̧s���b�{>�]���i�\i�u�V�i޷��ѧ���W���{�[i����n�)��)�k�ƚ'z{bjب��)z���������*'�]���(�����i���z����j��(���m�~�[����{Z�籦�ޞؚ�*'��^��h���m�ޗ�e���̧��~{h��퉫b����ڶ���]���y���}���k�v�ʹծ���׽7׿7�כi����n�)��)�k�n7���޲߬���w�4��슉��}+z�%��a��l��ނ+-�,��zd��&���z_���"��2�ֱ���y�~��-��ky����m�~�[����{Z����-�����)����w��3}޹ߧ�mǵ���}��k�9��=�v����ݷ�m�ޗ�e���̧��~����)����rب��(�f��m4m�ޗ�e���̧��~����)����rب��(�f��m���슉��m+z�%��a��l��ނ+-�,��zd��&���z_���"��2�ֱ��ڊX�����b���i����m�ޗ�e���̧��~����)����rب��(�f������3m�7�Ow��ӧ��_4k��{Gy�^�}�w���m�ޗ�e����ڞ��o��)���>��ޭ�h��zѶ�z_���"��kj{���j̧s�h��z������KޮȨ���ַ��[�vm�����"���ɪ�H�o�i����n�)������+���w>���zw�j�+���i����n�)������+���w>���zw�j�+�����3��{~�i��q�]�{i��G���_s�t�u�^�קr'�m�ޗ�^������j���)���>��ޭ�h���ն�z_���"��2�ֱ��2�ϟ�w-�����i������)��m�m�ޗ�e����ڞ��o��m5�櫮�>~�ܶ*'�������*'�m���(�����i���z����j��(���m�~�[������~����6�^~j������b�{?���m�~�[������~����6�^~j������b�{>�m����n�����Wy�]s����8�Ǹտ_ێ�m]z��u�܉�i������)��m�m�ޗ�e����ڞ��o��m5����>��)yߟ�w-����m���슉��m+z�%��a��l��ނ+-�,��zd��&���z_���"��kj{���zʹן���$��(��~~�ܶ*'���m�ޗ�e����ڞ��o��m5����>��)yߟ�w-��������3m�9վ=޸w�o�|{F���6�n:q���^5u�^�קr'�m�ޗ��ئ{��Ѷ�z_���"��kj{���zʹן���$��(�)��m���슉�ۭ+z�%��a��l��ނ+-�,��zd��&���z_���"��kj{���zʹן���$��(�)����i����n�)������+���My��hrO�r�b��ۭ-�7{��v��5�Oӗ5��:��woF����o_=��^���zw"z��m�~���g�ۭi���צ�V�{��Ѷ�z_���ޮǺۭi���ܩzζ�Ihu�!�^�m�ޗ�e����ڞ��o��m5��%j��������*'�n5��(�����i���z����j��(���m�~�[������~����6�^~rV���?���m�~�[������~����6�^~rV���>�n5��k�9�ts�=�^�὚ݷ�m�{kn|���z��u�܉�i�������u���j���V�m�~��iz���w-�������n5m�ޗ�^�����m�h�{��_�ƚ޲Ȩ���ն�z_�zZ^��ަV�{�.����n5m�ޗ鞲Ơzζ�F�m�~���g��mi���צ�V�{��ն�z_���ޮǺۍ[i���ܩzζ�V�m�~�[������~����6�^~r���ם������:�m/z�"�~��Z޲�oy�m��?�����k�&��� r��m�ޗ�e����ڞ��o��m5��(���yߩ��^�؞���m�ޗ�e����ڞ��o��m5��(���yߩ��^�؞���[`ϧ�ٯׯ=��z߇�q�}���ߏ4k}<ן[�שzw^�Ȟ���z_��{b���F�m�~�驕�^�n5m�ޗ�e����ڞ��o��m5��^���r۫�x:��i����n�)������+���My�׬��������KޮȨ���ҷ��[�vm�����"���ɪ�H�o�i����n�)������+���My�׬����������z_���"��kj{���zʹן�z�k��n�)������3���oW�i�z����ݛ���}���޴{��s��u�^�קr'�m�ޗ��ئ{��Ѷ�z_���"��kj{���zʹן���bq�^�G��������*'�n5��(�����i���z����j��(���m�~�[������~����6�^~v�e�ƭ{�������z_���"��kj{���zʹן���bq�^�G����[`Ͻ�oww�G��^���y�us���V�^{덷yשzw^�Ȟ���z_��{b���F�m�~�*^���ն�z_���"��kj{���zʹן����������*'�m���(�����i���z����j��(���m�~�[������~����6�^~~��������z_���"��kj{���zʹן������K`��;s�[پ����ww�sg�o�{߭�s�v�ν�שzw^�Ȟ���z_��{b���F�m�~�[������~����6�^~~�ܶ*'�v�{��Ѷ�z_���"��kj{���zʹן��w-��������/z�"�~��Z޲�oy�m��?�����k�&��� r��m�ޗ�e����ڞ��o��m5����b��jg����m�~�[������~����6�^~~�ܶ*'�v�{��[`���s�|�v�ߦ�i�ݮ���k�wǚq��mשzw^�Ȟ���z_�zZ^����b��jg�ۍ[i������)��m�m�ޗ�r��:ۍ[i����n�)������+���My�X�z���������*'�m���(�����i���z����j��(���m�~�[������~����6�^~�+^��l���i����n�)������+���My�X�z�����K`χ��6w���^v�M5���w}}۝��ƶyשzw^�Ȟ���z_��{b���F�m�~�[������~����6�^~��n��>jgz�mi����n�)������+���My�j�W�����n5��슉�ۍkz�%��a��l��ނ+-�,��zd��&���z_���"��kj{���zʹן��ۥzϚ������z_���"��kj{���zʹן��ۥzϚ�ߺۍm�=���x�^���8�ޝ��7�]\�vM�Gu�^���zw"z��m�~�[������~����6�^~��n��>r���x��n5m�ޗ��ئ{��Ѷ�z_�zjej׺ۍ[i����n�)������+���My�j�W���&��㳭|����*'�n5��(�����i���z����j��(���m�~�[������~����6�^~��n��>r���x����i����n�)������+���My�j�W���&�����[`����]�G��߮��m4�����8�o|f�yשzw^�Ȟ���z_���"��kj{������rߦ�׺ۍ[i������)��m�m�ޗ�^��Z���V�m�~�*^���ն�z_���"��kj{���zʹן��ۥzϜ�i��;:�}i����n�)������+���My�j�W���&��㳭�����*'�n���(�����i���z����j��(���m�~�[������~����6�^~��n��>r���x����i����n�)������+���My�j�W���&�����K`�G|��4���uΚm�Z�����^�N���v{�|iשzw^�Ȟ���z_���"��kj{������rߦ�׺ۍ[i������)��n�m�ޗ�^��Z���F�m�~�*^���Ѷ�z_���"��kj{���zʹן��ۥzϬ��^�;:�}/z�"�~��Z޲�oy�m��?�����k�&��� r��m�ޗ�e����ڞ��o��m5��v�^��2�צ������z_���"��kj{���zʹן��ۥzϬ��^�;>�n5���Z׍��]}k�:��_��t���N]��;wm�z��u�܉�i������������ڮ&���:ۍ[i������)��m�m�ޗ�^��Z���V�m�~�[������~����6�^~��n��>�gz�}/z�"�~��Z޲�oy�m��?�����k�&��� r��m�ޗ�e����ڞ��o��m5��v�^��w��m�ޗ�e����ڞ��o��m5��v�^��w��[`ͧ=�����\w_w�{�[�N��M�㆝��:�שzw^�Ȟ���z_���"��kj{���zʹן��ۥzϚ�޶�V�m�~���g��mi���צ�V�{��ն�z_���"��kj{���zʹן�n7���.����m/z�"�~��Z޲�oy�m��?�����k�&��� r��m�ޗ�e����ڞ��o��m5����-�˩z�����z_���"��kj{���zʹן�n7���.����n5���ǟ�֞�W�v�δ�֝�m_罞on��]z��u�܉�i���������eiǾ��^�ζ�V�m�~���g��mi����n�)������+���My���jg�z�:�]i����n�)������+���My���jg�z�:�}/z�"�~��Z޲�oy�m��?�����k�&��� r��m�ޗ�e����ڞ��o��m5��Z���������i����n�)������+���My���jg�z�>�n5����7�V���^���v����}��k��f�z��u�܉�i�������q�e�ץz�{��ն�z_�zZ^������b���+r�n5m�ޗ��ئ{��Ѷ�z_�zjej׺ۍ[i����ڽ��{��ն�z_�ʗ��n5m�ޗ�e����ڞ��o��m5��!��ajw~��)z�bzζ�KޮȨ���ַ��[�vm�����"���ɪ�H�o�i����n�)������+���My��h��Z�ߩ��^�؞���m�ޗ�e����ڞ��o��m5��!��ajw~��)z�bzϺۍm�=���w����;�[m�}k����u^{kG^���zw"z��m�~���g��mi���ܩzζ�V�m�~�[������~����6�^~���i޶�F�m�~�[������~����6�^~���i޼����*'�m���(�����i���z����j��(���m�~�[������~����6�^~���i�����z_���"��kj{���zʹן����w��K`�ޝ�ƽ��=i�\��s�Z獞��}^����שzw^�Ȟ���z_��{b���F�m�~�[������~����6�^~�؜�/�z��m�m�ޗ�e����ڞ��o��m5��-��2���{�����*'�n5��(�����i���z����j��(���m�~�[������~����6�^~�؜�/�z����i����n�)������+���My��brL������[`�M��[է�]u��_����n���zo�{q�[qשzw^�Ȟ���z_�zZ^��ށ�zۍ[i������)��m�m�ޗ�r��:ۍ[i����n�)������+���My�צ�V�{�b��ږζ�KޮȨ���ҷ��[�vm�����"���ɪ�H�o�i����n�)������+���My�צ�V�{�b��ږ�����z_���"��kj{���zʹן�zjej׾�+^��l�����3k�ߎt�����7�ޝ���k�o]���u�^�קr'�m�ޗ��ئ{��Ѷ�z_���"��kj{���zʹן�ʗ��2��%�m���슉��}+z�%��a��l��ނ+-�,��zd��&���z_���"��kj{���zʹן�ʗ��2��%���i����n�)������+���My�ܩz���)��_��}-�7^sO_��]}�xo��s���N\�_��\q���g^���zw"z��m�~���g��mi����n�)������+���My���r�^���{��F�m�~�[������~����6�^~�x��׾��ǭ�����*'�n5��(�����i���z����j��(���m�~�[������~����6�^~�x��׾�����m�ޗ�e����ڞ��o��m5�막�{�ށ�~�n5�������6y���w������|k�9i�_i����]z��u�܉�i���������ǭ�ն�z_��{b���Jށ�i��(���Ѷ�z_���"��kj{���{h��퉫b����ڶ���mi����n�)������+�籦�ޞؚ�*'��^��h��4��슉�ۍkz�%��a��l��ނ+-�,��zd��&���z_���"��kj{���{h��퉫b����ڶ�����m�~�[������~����i�w��&�������j�+�����3٦�s�;}=�����;｛o�w}�5{�^ݭu�^�קr'�m�ޗ�^�������׫���j��j�"�y��ߨ��ڶ���+"���ۍ[i����n�)��)�k�ƚ'z{bjب��)z�����Ѷ�z_��{b���F�m�~�[������~�����y�~��-��ky�zۭ/z�"�~��J޲�oy�m��?�����k�&��� r��m�ޗ�e����ڞ��o�n7���޲߬���w��m�ޗ�e����ڞ��o�n7���޲߬���w��K`�G��vw�y������s^;�]�k޷o���שzw^�Ȟ���z_���"��2�ֱ���y�~��-��ky�z�F�m�~���g�ۭi����n�)������+��ށ�ޭ�h�������*'�n���(�����i���z����j��(���m�~�[������~�����zw�j�+���i����n�)������+��ށ�ޭ�h���K`��;�~����{n�ѭ�}Ɯ��uƶ��k��}שzw^�Ȟ���zw�j�+��ڞ��m5�F�m�~�[������~������)��m���슉��}+z�%��a��l��ނ+-�,��zd��&���z_���"��kj{������g����m�~�[������~������)������3��=��8�6y�[���}�{O^s�}���oW�u�^�קr'�m�ޗ��ئ{��Ѷ�z_���"��kj{������rߦ�׺ۍoz�"�~��Z޲�oy�m��?�����k�&��� r��m�ޗ�e����ڞ��o������u�����z_���"��kj{������rߦ�׾�n5���������ƺ����\��i�8kG:�M��z��u�܉�i������)��m�m�ޗ�r��:ۍ[i����%�����z����*'�^���(�����i���z����j��(���m�~��r~)e���i����%������K`�gx�M�u�;{n�߾��կ\�z��{n6�שzw^�Ȟ���z_��{b����+{��ۍ+z�z������{b��=嶛z_��\��Yzۭ/z�"�~��J޲�oy�m��?�����k�&��� r��m�ޗ�h�'�_����z_��\��Y~�n�����w����{��}�F�s��o8q�z���ם�z��u�܉�i������)��n�r���;6�Jށ�ޭ�h���ئ{Mt嶛z_����秿^���슉��Z޲�oy�m��?�����k�&��� r��m�ޗ�kzǭ������i����ޱ�~z{�׭m�6��z��=o֟u�i�{i��ս��|����^���zw"z��m�~�[�����$��6�^~r�쵩����Ѷ�z_���"��2�ֱ��ڊX�����b���i����Ѷ�z_���"��kj{���j̧s�h��z������F�m�~�[������~����6�^~j������b�{:�mi����n�)������+���My��hrO�r�^w���b�{:�mi����n�)������+���My��hrO�r�b���F�m�~�[������~����6�^~rV���:�}i����n�)������+���My��&��^w�k����'��m�m�ޗ�e����ڞ��o��m5��^���r۫�x:�}i����n�)������+���My�۩�'��{+:�mi����n�)������+���My��+����}i����n�)������+���My���rب��ڙ��F�m�~�[������~����6�^~�+^��l�m�m�ޗ�e����ڞ��o��m5��v�^��w��Ѷ�z_���"��kj{���zʹן��ۥzϜ�i��;:�}i����n�)������+���My�j�W��̬�飳��Ѷ�z_���"��kj{���zʹן��ۥzϮ�޶�F�m�~�[������~����6�^~���r߬����m�m�ޗ�e����ڞ��o��m5��Z�������m�m�ޗ�e����ڞ��o��m5��!��ajw~��)z�bzζ�F�m�~�[������~����6�^~���i޶�F�m�~�[������~����6�^~�؜�/�z��m�m�ޗ�e����ڞ��o��m5��^��Z�壘׫j[:�mi����n�)������+���My�ܩz���)��^��F�m�~�[������~����6�^~�x��׾��ǭ�Ѷ�z_���"��kj{���{h��퉫b����ڶ���mi����n�)������+��ށ�ޭ�h���Ѻ��ǫ�X��mv�{ڮ&��m���z�wѶ�z_�z����ۭi�������^�������*'�n���(�����i���z����j��(���m�~��"�׫���i�������^���K`ϧ��mu�w�}���{i���δ�ּ���;�שzw^�Ȟ���z_����ۭi������)��n�r���;6�Hh�隷�f�m4��Z�5v*�ӝl���{隧�.��+�N5嶛z_�z����ۍoz�"�~��Z޲�oy�m��?�����k�&��� r��m�ޗ�ނ+-z�����z_�z�����n5��{]�v��t��}�yk^������ם��z��u�܉�i����+{��ն�z_��{b���G(�n4�������jv�Ihu�!�m&�ث�Nu���q�j����h��8ٶ�z_��{b���F�m�~���g���i������)��m�m�ޗ��ئ{��Ѷ�z_��{b������*'�n���(�����i���z����j��(���m�~���g����m�~���g��n����;ӟ:�Ǽپyw��{Nm���<o�����z��u�܉�����͸ҷ�zw�j�+����)��]tm�ޗ�^��Z���V�m�~�驕�^�n���슉�ۭ+z�%��a��l��ނ+-�,��zd��&���z_�zjej׿���m�~�驕�^�����3u�7{gu�zoN���w���v���kG���6u�^�קr'�m�ޗ��ئ{��Ѷ�z_���ޮǺۭi���ܩzζ�F�o)h��|�Zj�x׾i����ڽ��{��ն�z_���ޮǺۭ/z�"�~��J޲�oy�m��?�����k�&��� r��m�ޗ�kj��������z_���ޮǾ�n����\m��u�:����:������4ߞ���z��u�܉�i����{��jg�ۭi���g������Ѷ�z_��{b���F�m�~�*^���Ѷ��Z'�_4u��n��Zj[=��"�������m��֬��{ᶛz_�ʗ��_tm�ޗ�r��:ۍ[i���ܩzζ�KޮȨ���ҷ��[�vm�����"���ɪ�H�o�i���ܩz�����z_�ʗ������3kv��w������}�yq޹�n��~7�N�ۏ{u�^�קr'�m�ޗ��ئ{����.�)l�M��֬��{��>}�-������5�v�o)h��t��슉�׽kz�%��a��l��ނ+-�,��zd��&����Z'���i����׽m�={^u���V���|����������5y�|���o)h��uѶ��Z'�_4��슉���+z�%��a��l��ނ+-�,��zd��&����Z'���i������-�6���������\���~խ����yoy{vڊ]t����*'�M�z�%��a��l��ނ+-�,��zd��&������m���]6���ޜ׽��}��_��ߗ���z����jV�q�~��\�N5��슉��j޲�oy�m��?�����k�&��� r��m�Z�ǝ�f�r����jww隵�~Ӎ��7��������4M^{��M��M��W{�O|��ڕ��yߦj�!�M/z�"�}tҷ��[�vm�����"���ɪ�H�o�jV�q�~��\���m�Z�ǝ�f�r��K`��[��}���m��׵뇚�f��Ǹ�g{վ����{�>��t����*'�m�z�%��a��l��ނ+-�,��zd��&���{�>������{�>�ϵ�{`���߮��}���xq�_o��{�Z����ޜu�4ն�{�.�]�Ѷ�{�.�]�����*'�M+z�%��a��l��ނ+-�,��zd��&���{�.�_����{�.�_��K`��ק����}�x�wz���߭���u�m�+ʛ~��]4��슉��Z޲�oy�m��?�����k�&��� r��m��ߩnG_���r����[����Mm�>�m�]q���}[�f�ӗ��o=�w7ߎ�kN���^���zw"z�py�gi�t׍ۊ��]�z�"�}�ҷ��[�vm�����"���ɪ�H�oۊ���ۊ��}�����6���տ^����9�͸���9ٶ��Ǜ�v��籵�슉��M/z�"�}u�J޲�oy�m��?�����k�&��� r��n)گ/��ק�*'���n)گ/��ק�*'��u�K`ώ�k^����kg���{�=m�t�xo^�ʹ�u�KޮȨ�]���(�����i���z����j��(�����ۗ�v��3q�7���m���w�8o�v�M�q�}��{��^u�^�קr'���i�^��ky��Ӗ��>���jkޮȨ�M=��(�����i���z����j��(����>���jo���hrO������4��3�w�}���7�N\}�7�x�W�o���M�n�u�^�קr'��x^�+l�M�益�w�KޮȨ�~t��(�����i���z����j��(���������ny��w����3��x�G{�uy�����v�k���w��:w��n[�n*�ߝ/z�"�}�ַ��[�vm�����"���ɪ�H�oۖ益������߷�[`��y�W�u�|W�u�^���׷��V��M�{g���ny��wov����*'�����(�����i���z����j��(���������ny��w��ߋ`�g�o���M��}�k��u���\��=�g�}���㳍4nx��]�;8�V��8����*'�]|��(�����i���z����j��(���������5��`�g{O^o��ߍ_��;���}=o}�ݽ[׎6}�(���{]4��슉��J޲�oy�m��?�����k�&��� r��n�%m���ۢ�[jǾ�M-�>�u��}����uy���n^k׷y����������m�����*'�]5��(�����i���z����j��(���o���(����[`�\��|q���}����vk�<��i�ts��}שzw^�Ȟ��lqn�&�oz�"�~7ַ��[�vm�����"���ɪ�H�oۢ�����o��[`χ�k}4���k����_�t�G�ۖ���5wg��שzw^�Ȟ���qn�&�oz�"�~vҷ��[�vm�����"���ɪ�H�oۢ�����o��K`ϗ]�ֺy������N��~��G�^���燴�שzw^�Ȟ���qn��u���Moz�"�}tַ��[�vm�����"���ɪ�H�oۢ��j�����wZ�/��[`χz��6�M���5��}mǻy����x�ot�5ٺ1z}tѺ1z}v����*'�}+z�%��a��l��ނ+-�,��zd��&��1z���1z��K`Ϟ\���k����}s�Zwm�w���}�y��孴mשzw^�Ȟ���楊	��G��\jǸ�G!jY6�W%�����5�K-�)������׫��"��v��z�~�)��M����ij{"�}t����*'�^�z�%��a��l��ނ+-�,��zd��&���q�Ɩ��*'��ۭ���ij{"��׻`�w�}���G��Nw����G�}�4F��������שzw^�Ȟ���jww隵�t�W(�ƭ�f��M[����ij{"�}u����*'�]u��(�����i���z����j��(���iǾ{Z�Ȩ���n��{籥�슉��]u��s��m�v��;�n��ݟ�f����n�y�8��]z��u�܉�jV�q�~��\�]4r��jߦj�4պ�q�5�kޮȨ�_9��(�����i���z����j��(���iǬ��ۭ���|��3m������g_޽w���u{�xo������u�^�קr'�{Z�߫jx��i������Jޥ���^����]���ڝ�t����*'�]+z�%��a��l��ނ+-�,��zd��&��譩���ۮ�ڝߵ�K`�]�ۗ�{�㗷s}�y�:kG���~�}���ǫ���q�,��g��kޮȨ�Mv��(�����i���z����j��(�����k�Ǭ��k�)���ۮ�,z�����ϡ�ئ{�5��3�n]�ƹ�����٭8i�=�_;}Ǽi���n�0���/�z�tѺ��ǫ���i�5ӋޮȨ�]u��(�����i���z����j��(����'������ۮ�,z���枳�u��3���i�yy��ӧ���kV�^�Ӿ�k��s�_u�^�קr'�n��z����t�ȩ���m��M��{�Z�u������z�h���x����ʹ�Ɵ{��}���M[��,z����"���M/z�"�}tҷ��[�vm�����"���ɪ�H�oۮ�,z����"����ۮ�,z����"���]4����6�;��y���Z�����릜��7�v�z��u�܉���,z���枳]8n�0���/�z�t������z�h���F��'��׬�M/z�"�}tҷ��[�vm�����"���ɪ�H�oۮ�,z����^���n�0���/�zϵ�K`�֚۾�׾;�ݶyݟ{_9��u�{���m]uשzw^�Ȟ�ȩ���m��M]z���M"����6�V��'����M/z�"�~4ַ��[�vm�����"���ɪ�H�oۮ�,z�����k��n�0���/�����[`�m^Ѧ�i���M�q��i���~z�����5ߞv�שzw^�Ȟ��㳍t��ݢf��6�V��'��Ƞ��4��슉�ӊ޲�oy�m��?�����k�&��� r��n�0���/��	�����'��Ƞ��4��3i�o�����i�����������wwo|u�^�קr'�nx��][��,z�����k�4r����j�u�G+y�^��s]vzYb�؜�M"����6�ZZ�Ǿj���M��,z����剽6����*'�m+z�%��a��l��ނ+-�,��zd��&����ǫ����X���ۮ�,z����剿��K`�o:��}w֚ݷ������q�_㧶{�����}שzw^�Ȟ����]9n�0���+-�]�z�"�}��z޲�oy�m��?�����k�&��� r��n�0���+-��ۮ�,z�%��~�]w��{~�붞wV�q׸�n�m���~;kg�F����z��u�܉�jx��壘׵�}4�N���^r���h��k�h��]�ѻ���&����M/z�"�}tַ��[�vm�����"���ɪ�H�o۹���jZ��������&����]5��y��u��]wkF�u�8�F�o�:����}߆���ޯ�+s}��V�}������m6����*'�mw��(�����i���z����j��(���}������o����}��r�7��6�{`�Gw�w�Mi�ti�x熛w}�6k�}k��ٻ�}��z����(��Z�߭�g��[ޮȨ�]5��(�����i���z����j��(���}����j_��{-j{~�)���۹�ޯ窹�~r�쵩��ئ{�t��3ǻ�]���{��ծ\��{k�:w���\s�}n��z����t����*'�M�z�%��a��l��ނ+-�,��zd��&���}��Ɗ����}���+�]7����y�x�g��G]�g�{~��ם�W|����[��ޯ����슉��Z޲�oy�m��?�����k�&��� r��n��z�����}����m�>�ն��V���}ǝ��=�]����۷=�6��^���zw"z�ڱ��;5�h�y���]x�ƫ����F�[b��v�^�]4n襶)���n��5�[ޮȨ�]u��(�����i���z����j��(���[b��v�^���n襶)���n��>�]m�=���;��Z�g4��[떸�����_{v���=���[b��-j۬��z������*'�M+z�%��a��l��ނ+-�,��zd��&����ا��Z��>r�^���n襶)��֭�Ϝ�׬�}4����6��V���\�6��7wM{�<��y��|��_5����*'��v��(�����i���z����j��(���&���ۺ|���|�k`��y���<i�]�f�i�8N8�v�����~��m��ڔ7�zw^�Ȟ��kiǾ��/�׫�ɨ����]:���i����'��k�x"-\iƜ��t�[ޮȨ�]4ڷ��[�vm�����"���ɪ�H�o�iƜ����Ɯi�^�]4��3�NZ�v��f�y��kn]k�����y�}}����u�^�קr'�n[�n*�ߝ��'�]5�Z�]���~�~~�5�Yk��r��Y��Ȭ�*i�]��Gb��9�j/{�(�˫���-t֚�+�)ߖ(!�]5�)�i����+��4�x��W�jg��L��}��Ɯ�)���ڞ��mt����*'�Mkz�%��a��l��ނ+-�,��zd��&�Ɯ�)���ڞ��o��Ɯ�)���ڞ��o��[`ϧ[u���G�w��q��w���]׾6u�_���שzw^�Ȟ�gy���m&�ث�Nu¸�{����s]xq�e�f�r��M/z�"�}tַ��[�vm�����"���ɪ�H�o�jY~��\������_�j�!z���[`ϝw��;��8�vk�i��m��u��uǸק�שzw^�Ȟ��+{���My�~z���]4z�n�'�׭��ڽ��{�4q�e�Ƞ��n��4����*'�M�z�%��a��l��ނ+-�,��zd��&�ƥ��"�v�������_��	ڶ���M6���s͹k�^�ٽ6�{���容oָ�ޜjY^��Z�5����*'�]+z�%��a��l��ނ+-�,��zd��&�ƥ�����a���jY^��Z���K`��4��~|���֚�n8�{��n{�u}שzw^�Ȟ�ƥ�ȭz�6�ƥ�ȭz�6����*'�m+z�%��a��l��ނ+-�,��zd��&�ƥ�ȭz���ƥ�ȭzϴ�K`ͧ�o޶�ouѮ��w5��{�6�ν~ߝiƦzW��{+6�KޮȨ�mt��(�����i���z����j��(����\jǾ�����jg�q��G������3�Oy�}���]}ӝ^}�]�}��w=տ�g�u�^�קr'�q���Ƭ{m4��~����G��\jǸ�G��\jǸ�G��\jǸ�KޮȨ��t��(�����i���z����j��(����\jǿ����\jǾ�]-�7y㞷巵{}�獺��:�^�{�^�i��u���\jǵ�kޮȨ�]���(�����i���z����j��(����\jǿ����\jǾ�mm�?[o���ݞѾz������<kw�k�Zk�����\jǶ�KޮȨ�mu��(�����i���z����j��(����\jǿ����\jǾ�]m�>���zw��kV�{�\kM�iǜ}�5�����Z����\jǷ�KޮȨ�}4��(�����i���z����j��(����\jǿ����\jǾ�M-�=�}���i�8����ݶ��Ɯ�n�F�ѧ�+�{�b��t�M4ӿv��슉��}4�O4򷬢[�vm�����"���ɪ�H�o�jx��壘׿���+�{�b���}4�O4��3�����y��v���Ӗ����u���^����q�m����֜��kiǵ�KޮȨ�]4��(�����i���z����j��(���۫{�-i�>���{��q�m����֜��kiǾ�M-�>����}sn�m�;F��ޛ��o�<s�y����^��5�KޮȨ�Muҷ��[�vm�����"���ɪ�H�o�jǥz�?����^�ϴ�]-�>��zy�|�^}��7�N��m���:���k��w���^��5�KޮȨ�Mvҷ��[�vm�����"���ɪ�H�o�jǥz�?����^�ϴ�m-�=[��\�W��7��6�7��:��6��|�^uu�����M/z�"�}tڷ��[�vm�����"���ɪ�H�o�r�����q�.�ߵ�k`ϝ�魟�^[o���ͼ�W�oֻ���ۗ�wǼ�ǧ���jX��Mu��슉��z޲�oy�m��?�����k�&��� r��q��z���('���z{^�楊	��]�6�����o[���m�Ӎuq�x�\�N�sf�i�^���zw"zƥ�	���m�]�k<�q�!{]7r��m���슉��J޲�oy�m��?�����k�&��� r��r����r������3o���ǟs�5���q�=o����w�^����f�u�^�קr'�j{"��r��7�G�q�^��k�x>��Ɲt�˩�����(����G!jY4�G!jY4�KޮȨ�N4��(�����i���z����j��(��!jY?��!jY>Ӎ-�>u�ַu���^}��m�<sV�۶��^�{G:��^���zw"zƧ�/��)^�]4��>r�h�Mt���槲-5��Z�Mt��Z�Mu��Z�Mu����*'�]�z�%��a��l��ނ+-�,��zd��&��Z�O���Z�O��{`ͯ5ח9���M�{�u�F�w;�Ͷk����=�שzw^�Ȟ����-�W��m^�Ʃ{�-�)����{u�hZ�槲-���k����ȷ�K.��+�Ϝ�Z+�M��d�M��d�M\��d�]��d�}/z�"�}�ַ��[�vm�����"���ɪ�H�o܅�d��܅�d�m����w�ۮ�i�;oN�N5�Ov�g��{ӟ[�ޝz��u�܉��Ⱦ�ܥz����j������z��]9��i��l��%��v��Z��-z���ح��>�٥�]4��슉��Z޲�oy�m��?�����k�&��� r��r�i�^�秶+bzϡ�ix��܅��r׫���؞��m�^>�]m�=��������ww\٧=��[{m^{x�ǚ�G!j�����z{b�'��W�i̵�KޮȨ�]u��(�����i���z����j��(��!j�����z{b�'��W�i̿��!j�����z{b�'��W�i̾�]m�7�Ӿ�u�Z�M|�f��]�ݽ��_q��㽴��!j�����z{b�'��M/z�"�}vַ��[�vm�����"���ɪ�H�o܅��r׫���؞���r�i�^�秶+bzϵ�[`����[{���]o��Ƿ�q���ͻw�\i�Z��-z��y��zw�)�jX��M/z�"�}uַ��[�vm�����"���ɪ�H�o܅��r׫���z��q�������Z��-z��y��zw�)�jX��]u���o7�����s�Z�O�G6y�s]5�m6y����z�8����*'Ӎ�z�%��a��l��ނ+-�,��zd��&��Z�׭��܅��zߴ�k`;x�v���=��6��]��\�y���s����^z���M>�ͯz�"�}t���ڷ��[�vm�����"���ɪ�H�o܅竊����^z���]4��6��o��ݯ5on���]i��sG�wGkM�s�7���z��u�܉��ϬzW��]�v�����jX�z�5���؞�]u�٥���z���Yhu�!�^t���{����h�'Z�^6r$�֫׽/z�"�}{ҷ��[�vm�����"���ɪ�H�o܆�"u����!�H�j���K`Ͽ|{�=�5�W<Ӿ�����^uݼqֶm�:�שzw^�Ȟ���\�]�j̧s�rt�	ho�Z����M"����6�X����j����a�M"��%���Җ������[�{]4��v*��M(�ب��Cz��u�܉���ޞ�5�G!�	��Moz�"�}tַ��[�vm�����"���ɪ�H�o܆�'���r0����[`���8ٯy�_t�wn[�w���]��|��k�g����ru����*'�^+z�%��a��l��ނ+-�,��zd��&��k�g����r���k�g����r�׋`��=���m�ߖ�q�=�O}m����7���k���שzw^�Ȟ��k�g����*'�m*�'$�٩�M+�j�m�����>r�r�M\��&{�hq�b�}v����*'�mkz�%��a��l��ނ+-�,��zd��&��k�g����*'��܆�&{�hq�b���[`ϯuםuk��s�t۾����o��q�\k����}�שzw^�Ȟ���&{]4���]9r��y�-�����hiߜ�-u����*'�]kz�%��a��l��ނ+-�,��zd��&��k�g���춊���e��~rX���!�������+{멖����b�]u��Ʒ�]\�ޟ�kw���ٷ����n���z��u�܉���d�]܆�&{�n�h�ﮦZwM�����M�z�7�J+kM��'��}+y˫�+����uث�M2k9v�W!�������+{멖���m/z�"�}6ַ��[�vm�����"���ɪ�H�o܆�&{�n�h�ﮦZw��r��y�-�����hiߴ�[`���㍞u�=y�y���F��s����y�שzw^�Ȟ�
-�}��~�t����*'�M+z�%��a��l��ނ+-�,��zd��&�Ⱦ�w���܋�~���K`��9��_پ۝|�^�߯5s5s}���:y�w�ȩ���m��M��^��ڱ�t�ȩ���m��M�z�"�}tⷬ�[�vm�����"���ɪ�H�o܊�^��ڱ���ȩ���m��]8�����۽����ߝ�ݺw��i��s]��םz��u�܉�"����6�[}�ޯ�5r*ܺV��;(�M���슉��z޲�oy�m��?�����k�&��� r��r*ܺV��;(���r*ܺV��;(��7��3�^\�ך���Oy��v�{�V�ͻ�]��޺rW���-i�5�[ޮȨ�]���(�����i���z����j��(��%y���֜���rW���-i�>�m-�6��v�޶s}_oV��N��F�}�}u���g���%y��ɩ����y�t�KޮȨ�Mt��(�����i���z����j��(��%y��ɩ����y���%y��ɩ����y�~�]-�>�}�u��6q�Z�\�W�w�����wMti���%�����5�KޮȨ�]4��(�����i���z����j��(��%�����?��%�����>�M-�>k�{sw���xkM8q޵Ǟ�O]k�u����w%��.��+�M\�/���(�]6��슉��j޲�oy�m��?�����k�&��� r��rX�r�좿���b�˫����M��>�u����zk�8�g���xm޶u����^����^���zw"z�޲�+{�.��+�M\�/���(�mt��슉��J޲�oy�m��?�����k�&��� r��rX�r�좿���b�˫����]-�6��֜߾����q�������5wGt�����o�^���zw"z�޲�+{�.��+�M�/��)�z�4�kޮȨ�Mv��(�����i���z����j��(��%��)�yޮ����b��b�w���5��3m����<{_9}�^��٭_����}|�9{}\rX��������M/z�"�}tҷ��[�vm�����"���ɪ�H�oܖ/��)�z�?��%��)�yޮϵ�K`������<��ZswZo�|Ѿ4���_4w��i�b���ƭ{]4��슉��J޲�oy�m��?�����k�&��� r��rX����q�^��ܖ/����j׾�M-�=�y�u������G�Ӈ[ﶻ������y��^���zw"z�%�Ǿj{"�N,�����"v�v�G%��"v�v�KޮȨ�m���(�����i���z����j��(��%��"v���%��"v�~�m-�7��ם{ƽk������^;oG5��m��m�z��%���KޮȨ�mt��(�����i���z����j��(��%����%���]-�>�{�G��M�������׽}�}��W;}�wW^���zw"z��׫��b�}5ָ��ߚ�('�]p��p��t�g%���KޮȨ�}���(�����i���z����j��(��%����%���m-�=vӭ5�~��^���x��w�ַo���Z�ݵ��^���zw"z�-�)����t��k����ȷ�\+j���ȶ�G%���KޮȨ��4��(�����i���z����j��(��%����%���M-�>���:�G����wW�۞�o�z��|�}�m��q�^���zw"z�-�)�������k����ȸ�L+j���ȶ�G%�w��kޮȨ�]7��(�����i���z����j��(��%�w���%�w��M�=�����m���G4�w6y���G^q���}<��(����k�h�{����슉��J޲�oy�m��?�����k�&��� r��r����~��&�ǿ��(����k�h�{�:��3�]�����=ݮ�o�6q�=��y�wu�5��u�^�קr'��)�﩮����t��8�KޮȨ�����(�����i���z����j��(��(��ܣ�:��3��m��w�wi�xq��{��}�w��}_o_8r�^��\z�m�]/z�"�}�ҷ��[�vm�����"���ɪ�H�oܡ׾{����(u��ǫ�߶�K`ϗ\sO5{���ݾy��^ߗ{y����;�x�שzw^�Ȟ��'�����>���z�t��{�h�{~j�t����*'�]+z�%��a��l��ނ+-�,��zd��&��{�h�{~j����{�h�{~jߵ�K`�Gt�F�wN7k��k}���Z�G�y��wָq����%��l{�!�׾���{]4��슉��z޲�oy�m��?�����k�&��� r��r�ej��b�ﬥ���ܢYZ�Ǿ��{�)iǾ�M�>�N���zݯ;o����z�޸�~5o�6��(���r��z�u�KޮȨ�_u��(�����i���z����j��(��(���r��z���(���r��z�~��m�75ۭuӶ�og����}����}yƝ�oZ�O{y�^���zw"z�(�������]\�Z+�v�{]u��슉��z޲�oy�m��?�����k�&��� r��r�h��ڙ����%���jg��]�6�wNy�|��6�yu�6�o�<�W�v�ۗ(���Ӝoz�"�}9ַ��[�vm�����"���ɪ�H�oܢZ+���r�h�ϴ�[`Ϸt�m�i��燼y�_q��u���wty�z����%�i�-y����*'מ+z�%��a��l��ނ+-�,��zd��&��%�i�/���%�i�/��`ώ���_����ּk�7�N{ӿ6{�;y�<{�mשzw^�Ȟ��k����ȷ�L�'m�]4r���w���ky��ӧ(���y߬����]9r���w���ky��ӛޮȨ�]:��(�����i���z����j��(��(���y߬������r���w���ky���N��>�������V��w�]���8�[���}���^���zw"z�^���w�-���M�i��׫��/z�"�}�ҷ��[�vm�����"���ɪ�H�oܢi��׫��ܢi��׫�ot��s�t��{��vۍom���u�=�4}���z��u�܉� ��~�~�杖)�